// !$*UTF8*$!
{
	archiveVersion = 1;
	classes = {
	};
	objectVersion = 46;
	objects = {

/* Begin PBXBuildFile section */
		84890CAD1EC2EFE800E3820A /* UDPClient.swift in Sources */ = {isa = PBXBuildFile; fileRef = 84890CAB1EC2EFE800E3820A /* UDPClient.swift */; };
		84890CAE1EC2EFE800E3820A /* yudpsocket.c in Sources */ = {isa = PBXBuildFile; fileRef = 84890CAC1EC2EFE800E3820A /* yudpsocket.c */; };
		84890CB11EC2F03300E3820A /* TCPClient.swift in Sources */ = {isa = PBXBuildFile; fileRef = 84890CAF1EC2F03300E3820A /* TCPClient.swift */; };
		84890CB21EC2F03300E3820A /* ytcpsocket.c in Sources */ = {isa = PBXBuildFile; fileRef = 84890CB01EC2F03300E3820A /* ytcpsocket.c */; };
		84890CB71EC2F0AB00E3820A /* Result.swift in Sources */ = {isa = PBXBuildFile; fileRef = 84890CB51EC2F0AB00E3820A /* Result.swift */; };
		84890CB81EC2F0AB00E3820A /* Socket.swift in Sources */ = {isa = PBXBuildFile; fileRef = 84890CB61EC2F0AB00E3820A /* Socket.swift */; };
		84890CBD1EC2F12100E3820A /* Info-tvOS.plist in Resources */ = {isa = PBXBuildFile; fileRef = 84890CBA1EC2F12100E3820A /* Info-tvOS.plist */; };
		84890CBE1EC2F12100E3820A /* Info.plist in Resources */ = {isa = PBXBuildFile; fileRef = 84890CBB1EC2F12100E3820A /* Info.plist */; };
		84890CC21EC31FA900E3820A /* ChatRoomViewController.swift in Sources */ = {isa = PBXBuildFile; fileRef = 84890CC11EC31FA900E3820A /* ChatRoomViewController.swift */; };
		84890CC41EC322EA00E3820A /* SwiftSocket.framework in Frameworks */ = {isa = PBXBuildFile; fileRef = 84890CC31EC322EA00E3820A /* SwiftSocket.framework */; };
		84EA9C081EB9C469006D4B59 /* AppDelegate.swift in Sources */ = {isa = PBXBuildFile; fileRef = 84EA9C071EB9C469006D4B59 /* AppDelegate.swift */; };
		84EA9C0A1EB9C469006D4B59 /* ViewController.swift in Sources */ = {isa = PBXBuildFile; fileRef = 84EA9C091EB9C469006D4B59 /* ViewController.swift */; };
		84EA9C0D1EB9C469006D4B59 /* Main.storyboard in Resources */ = {isa = PBXBuildFile; fileRef = 84EA9C0B1EB9C469006D4B59 /* Main.storyboard */; };
		84EA9C0F1EB9C469006D4B59 /* Assets.xcassets in Resources */ = {isa = PBXBuildFile; fileRef = 84EA9C0E1EB9C469006D4B59 /* Assets.xcassets */; };
		84EA9C121EB9C469006D4B59 /* LaunchScreen.storyboard in Resources */ = {isa = PBXBuildFile; fileRef = 84EA9C101EB9C469006D4B59 /* LaunchScreen.storyboard */; };
/* End PBXBuildFile section */

/* Begin PBXFileReference section */
		84890CAB1EC2EFE800E3820A /* UDPClient.swift */ = {isa = PBXFileReference; fileEncoding = 4; lastKnownFileType = sourcecode.swift; path = UDPClient.swift; sourceTree = "<group>"; };
		84890CAC1EC2EFE800E3820A /* yudpsocket.c */ = {isa = PBXFileReference; fileEncoding = 4; lastKnownFileType = sourcecode.c.c; path = yudpsocket.c; sourceTree = "<group>"; };
		84890CAF1EC2F03300E3820A /* TCPClient.swift */ = {isa = PBXFileReference; fileEncoding = 4; lastKnownFileType = sourcecode.swift; path = TCPClient.swift; sourceTree = "<group>"; };
		84890CB01EC2F03300E3820A /* ytcpsocket.c */ = {isa = PBXFileReference; fileEncoding = 4; lastKnownFileType = sourcecode.c.c; path = ytcpsocket.c; sourceTree = "<group>"; };
		84890CB51EC2F0AB00E3820A /* Result.swift */ = {isa = PBXFileReference; fileEncoding = 4; lastKnownFileType = sourcecode.swift; path = Result.swift; sourceTree = "<group>"; };
		84890CB61EC2F0AB00E3820A /* Socket.swift */ = {isa = PBXFileReference; fileEncoding = 4; lastKnownFileType = sourcecode.swift; path = Socket.swift; sourceTree = "<group>"; };
		84890CBA1EC2F12100E3820A /* Info-tvOS.plist */ = {isa = PBXFileReference; fileEncoding = 4; lastKnownFileType = text.plist.xml; path = "Info-tvOS.plist"; sourceTree = "<group>"; };
		84890CBB1EC2F12100E3820A /* Info.plist */ = {isa = PBXFileReference; fileEncoding = 4; lastKnownFileType = text.plist.xml; path = Info.plist; sourceTree = "<group>"; };
		84890CBC1EC2F12100E3820A /* SwiftSocket.h */ = {isa = PBXFileReference; fileEncoding = 4; lastKnownFileType = sourcecode.c.h; path = SwiftSocket.h; sourceTree = "<group>"; };
		84890CC11EC31FA900E3820A /* ChatRoomViewController.swift */ = {isa = PBXFileReference; fileEncoding = 4; lastKnownFileType = sourcecode.swift; path = ChatRoomViewController.swift; sourceTree = "<group>"; };
		84890CC31EC322EA00E3820A /* SwiftSocket.framework */ = {isa = PBXFileReference; lastKnownFileType = wrapper.framework; path = SwiftSocket.framework; sourceTree = "<group>"; };
		84EA9C041EB9C469006D4B59 /* MessageTest.app */ = {isa = PBXFileReference; explicitFileType = wrapper.application; includeInIndex = 0; path = MessageTest.app; sourceTree = BUILT_PRODUCTS_DIR; };
		84EA9C071EB9C469006D4B59 /* AppDelegate.swift */ = {isa = PBXFileReference; lastKnownFileType = sourcecode.swift; name = AppDelegate.swift; path = MessageTest/AppDelegate.swift; sourceTree = "<group>"; };
		84EA9C091EB9C469006D4B59 /* ViewController.swift */ = {isa = PBXFileReference; lastKnownFileType = sourcecode.swift; name = ViewController.swift; path = MessageTest/ViewController.swift; sourceTree = "<group>"; };
		84EA9C0C1EB9C469006D4B59 /* Base */ = {isa = PBXFileReference; lastKnownFileType = file.storyboard; name = Base; path = Base.lproj/Main.storyboard; sourceTree = "<group>"; };
		84EA9C0E1EB9C469006D4B59 /* Assets.xcassets */ = {isa = PBXFileReference; lastKnownFileType = folder.assetcatalog; path = Assets.xcassets; sourceTree = "<group>"; };
		84EA9C111EB9C469006D4B59 /* Base */ = {isa = PBXFileReference; lastKnownFileType = file.storyboard; name = Base; path = Base.lproj/LaunchScreen.storyboard; sourceTree = "<group>"; };
		84EA9C131EB9C469006D4B59 /* Info.plist */ = {isa = PBXFileReference; lastKnownFileType = text.plist.xml; path = Info.plist; sourceTree = "<group>"; };
/* End PBXFileReference section */

/* Begin PBXFrameworksBuildPhase section */
		84EA9C011EB9C469006D4B59 /* Frameworks */ = {
			isa = PBXFrameworksBuildPhase;
			buildActionMask = 2147483647;
			files = (
				84890CC41EC322EA00E3820A /* SwiftSocket.framework in Frameworks */,
			);
			runOnlyForDeploymentPostprocessing = 0;
		};
/* End PBXFrameworksBuildPhase section */

/* Begin PBXGroup section */
		846271CD1EC1A43900A9EAAF /* ViewController */ = {
			isa = PBXGroup;
			children = (
				84EA9C091EB9C469006D4B59 /* ViewController.swift */,
				84EA9C071EB9C469006D4B59 /* AppDelegate.swift */,
			);
			name = ViewController;
			sourceTree = "<group>";
		};
		84890CAA1EC2EA6A00E3820A /* UDPSocket */ = {
			isa = PBXGroup;
			children = (
				84890CAB1EC2EFE800E3820A /* UDPClient.swift */,
				84890CAC1EC2EFE800E3820A /* yudpsocket.c */,
			);
			name = UDPSocket;
			sourceTree = "<group>";
		};
		84890CB31EC2F03F00E3820A /* TCPSocket */ = {
			isa = PBXGroup;
			children = (
				84890CAF1EC2F03300E3820A /* TCPClient.swift */,
				84890CB01EC2F03300E3820A /* ytcpsocket.c */,
			);
			name = TCPSocket;
			sourceTree = "<group>";
		};
		84890CB41EC2F05F00E3820A /* Source */ = {
			isa = PBXGroup;
			children = (
				84890CB51EC2F0AB00E3820A /* Result.swift */,
				84890CB61EC2F0AB00E3820A /* Socket.swift */,
				84890CAA1EC2EA6A00E3820A /* UDPSocket */,
				84890CB31EC2F03F00E3820A /* TCPSocket */,
				84890CB91EC2F0D200E3820A /* Supporting Files */,
			);
			name = Source;
			sourceTree = "<group>";
		};
		84890CB91EC2F0D200E3820A /* Supporting Files */ = {
			isa = PBXGroup;
			children = (
				84890CBA1EC2F12100E3820A /* Info-tvOS.plist */,
				84890CBB1EC2F12100E3820A /* Info.plist */,
				84890CBC1EC2F12100E3820A /* SwiftSocket.h */,
			);
			name = "Supporting Files";
			sourceTree = "<group>";
		};
		84890CBF1EC2F2DB00E3820A /* chatsocket */ = {
			isa = PBXGroup;
			children = (
			);
			name = chatsocket;
			path = MessageTest;
			sourceTree = "<group>";
		};
		84890CC01EC31CE600E3820A /* ChatViewController */ = {
			isa = PBXGroup;
			children = (
				84890CC11EC31FA900E3820A /* ChatRoomViewController.swift */,
			);
			name = ChatViewController;
			sourceTree = "<group>";
		};
		84EA9BFB1EB9C469006D4B59 = {
			isa = PBXGroup;
			children = (
				84890CC01EC31CE600E3820A /* ChatViewController */,
				84890CB41EC2F05F00E3820A /* Source */,
				846271CD1EC1A43900A9EAAF /* ViewController */,
				84890CBF1EC2F2DB00E3820A /* chatsocket */,
				84EA9C061EB9C469006D4B59 /* MessageTest */,
				84EA9C051EB9C469006D4B59 /* Products */,
				84890CC31EC322EA00E3820A /* SwiftSocket.framework */,
			);
			sourceTree = "<group>";
		};
		84EA9C051EB9C469006D4B59 /* Products */ = {
			isa = PBXGroup;
			children = (
				84EA9C041EB9C469006D4B59 /* MessageTest.app */,
			);
			name = Products;
			sourceTree = "<group>";
		};
		84EA9C061EB9C469006D4B59 /* MessageTest */ = {
			isa = PBXGroup;
			children = (
				84EA9C0B1EB9C469006D4B59 /* Main.storyboard */,
				84EA9C0E1EB9C469006D4B59 /* Assets.xcassets */,
				84EA9C101EB9C469006D4B59 /* LaunchScreen.storyboard */,
				84EA9C131EB9C469006D4B59 /* Info.plist */,
			);
			path = MessageTest;
			sourceTree = "<group>";
		};
/* End PBXGroup section */

/* Begin PBXNativeTarget section */
		84EA9C031EB9C469006D4B59 /* MessageTest */ = {
			isa = PBXNativeTarget;
			buildConfigurationList = 84EA9C161EB9C469006D4B59 /* Build configuration list for PBXNativeTarget "MessageTest" */;
			buildPhases = (
				84EA9C001EB9C469006D4B59 /* Sources */,
				84EA9C011EB9C469006D4B59 /* Frameworks */,
				84EA9C021EB9C469006D4B59 /* Resources */,
			);
			buildRules = (
			);
			dependencies = (
			);
			name = MessageTest;
			productName = MessageTest;
			productReference = 84EA9C041EB9C469006D4B59 /* MessageTest.app */;
			productType = "com.apple.product-type.application";
		};
/* End PBXNativeTarget section */

/* Begin PBXProject section */
		84EA9BFC1EB9C469006D4B59 /* Project object */ = {
			isa = PBXProject;
			attributes = {
				LastSwiftUpdateCheck = 0830;
				LastUpgradeCheck = 0830;
				ORGANIZATIONNAME = "謝旭棠";
				TargetAttributes = {
					84EA9C031EB9C469006D4B59 = {
						CreatedOnToolsVersion = 8.3.2;
						DevelopmentTeam = H5NL24UH2H;
						LastSwiftMigration = 0830;
						ProvisioningStyle = Automatic;
					};
				};
			};
			buildConfigurationList = 84EA9BFF1EB9C469006D4B59 /* Build configuration list for PBXProject "MessageTest" */;
			compatibilityVersion = "Xcode 3.2";
			developmentRegion = English;
			hasScannedForEncodings = 0;
			knownRegions = (
				en,
				Base,
			);
			mainGroup = 84EA9BFB1EB9C469006D4B59;
			productRefGroup = 84EA9C051EB9C469006D4B59 /* Products */;
			projectDirPath = "";
			projectRoot = "";
			targets = (
				84EA9C031EB9C469006D4B59 /* MessageTest */,
			);
		};
/* End PBXProject section */

/* Begin PBXResourcesBuildPhase section */
		84EA9C021EB9C469006D4B59 /* Resources */ = {
			isa = PBXResourcesBuildPhase;
			buildActionMask = 2147483647;
			files = (
				84EA9C121EB9C469006D4B59 /* LaunchScreen.storyboard in Resources */,
				84EA9C0F1EB9C469006D4B59 /* Assets.xcassets in Resources */,
				84890CBD1EC2F12100E3820A /* Info-tvOS.plist in Resources */,
				84890CBE1EC2F12100E3820A /* Info.plist in Resources */,
				84EA9C0D1EB9C469006D4B59 /* Main.storyboard in Resources */,
			);
			runOnlyForDeploymentPostprocessing = 0;
		};
/* End PBXResourcesBuildPhase section */

/* Begin PBXSourcesBuildPhase section */
		84EA9C001EB9C469006D4B59 /* Sources */ = {
			isa = PBXSourcesBuildPhase;
			buildActionMask = 2147483647;
			files = (
				84890CB81EC2F0AB00E3820A /* Socket.swift in Sources */,
				84890CAE1EC2EFE800E3820A /* yudpsocket.c in Sources */,
				84890CB11EC2F03300E3820A /* TCPClient.swift in Sources */,
				84890CAD1EC2EFE800E3820A /* UDPClient.swift in Sources */,
				84EA9C0A1EB9C469006D4B59 /* ViewController.swift in Sources */,
				84890CB71EC2F0AB00E3820A /* Result.swift in Sources */,
				84890CB21EC2F03300E3820A /* ytcpsocket.c in Sources */,
				84EA9C081EB9C469006D4B59 /* AppDelegate.swift in Sources */,
				84890CC21EC31FA900E3820A /* ChatRoomViewController.swift in Sources */,
			);
			runOnlyForDeploymentPostprocessing = 0;
		};
/* End PBXSourcesBuildPhase section */

/* Begin PBXVariantGroup section */
		84EA9C0B1EB9C469006D4B59 /* Main.storyboard */ = {
			isa = PBXVariantGroup;
			children = (
				84EA9C0C1EB9C469006D4B59 /* Base */,
			);
			name = Main.storyboard;
			sourceTree = "<group>";
		};
		84EA9C101EB9C469006D4B59 /* LaunchScreen.storyboard */ = {
			isa = PBXVariantGroup;
			children = (
				84EA9C111EB9C469006D4B59 /* Base */,
			);
			name = LaunchScreen.storyboard;
			sourceTree = "<group>";
		};
/* End PBXVariantGroup section */

/* Begin XCBuildConfiguration section */
		84EA9C141EB9C469006D4B59 /* Debug */ = {
			isa = XCBuildConfiguration;
			buildSettings = {
				ALWAYS_SEARCH_USER_PATHS = NO;
				CLANG_ANALYZER_NONNULL = YES;
				CLANG_ANALYZER_NUMBER_OBJECT_CONVERSION = YES_AGGRESSIVE;
				CLANG_CXX_LANGUAGE_STANDARD = "gnu++0x";
				CLANG_CXX_LIBRARY = "libc++";
				CLANG_ENABLE_MODULES = YES;
				CLANG_ENABLE_OBJC_ARC = YES;
				CLANG_WARN_BOOL_CONVERSION = YES;
				CLANG_WARN_CONSTANT_CONVERSION = YES;
				CLANG_WARN_DIRECT_OBJC_ISA_USAGE = YES_ERROR;
				CLANG_WARN_DOCUMENTATION_COMMENTS = YES;
				CLANG_WARN_EMPTY_BODY = YES;
				CLANG_WARN_ENUM_CONVERSION = YES;
				CLANG_WARN_INFINITE_RECURSION = YES;
				CLANG_WARN_INT_CONVERSION = YES;
				CLANG_WARN_OBJC_ROOT_CLASS = YES_ERROR;
				CLANG_WARN_SUSPICIOUS_MOVE = YES;
				CLANG_WARN_UNREACHABLE_CODE = YES;
				CLANG_WARN__DUPLICATE_METHOD_MATCH = YES;
				"CODE_SIGN_IDENTITY[sdk=iphoneos*]" = "iPhone Developer";
				COPY_PHASE_STRIP = NO;
				DEBUG_INFORMATION_FORMAT = dwarf;
				ENABLE_STRICT_OBJC_MSGSEND = YES;
				ENABLE_TESTABILITY = YES;
				GCC_C_LANGUAGE_STANDARD = gnu99;
				GCC_DYNAMIC_NO_PIC = NO;
				GCC_NO_COMMON_BLOCKS = YES;
				GCC_OPTIMIZATION_LEVEL = 0;
				GCC_PREPROCESSOR_DEFINITIONS = (
					"DEBUG=1",
					"$(inherited)",
				);
				GCC_WARN_64_TO_32_BIT_CONVERSION = YES;
				GCC_WARN_ABOUT_RETURN_TYPE = YES_ERROR;
				GCC_WARN_UNDECLARED_SELECTOR = YES;
				GCC_WARN_UNINITIALIZED_AUTOS = YES_AGGRESSIVE;
				GCC_WARN_UNUSED_FUNCTION = YES;
				GCC_WARN_UNUSED_VARIABLE = YES;
				IPHONEOS_DEPLOYMENT_TARGET = 10.3;
				MTL_ENABLE_DEBUG_INFO = YES;
				ONLY_ACTIVE_ARCH = YES;
				SDKROOT = iphoneos;
				SWIFT_ACTIVE_COMPILATION_CONDITIONS = DEBUG;
				SWIFT_OPTIMIZATION_LEVEL = "-Onone";
			};
			name = Debug;
		};
		84EA9C151EB9C469006D4B59 /* Release */ = {
			isa = XCBuildConfiguration;
			buildSettings = {
				ALWAYS_SEARCH_USER_PATHS = NO;
				CLANG_ANALYZER_NONNULL = YES;
				CLANG_ANALYZER_NUMBER_OBJECT_CONVERSION = YES_AGGRESSIVE;
				CLANG_CXX_LANGUAGE_STANDARD = "gnu++0x";
				CLANG_CXX_LIBRARY = "libc++";
				CLANG_ENABLE_MODULES = YES;
				CLANG_ENABLE_OBJC_ARC = YES;
				CLANG_WARN_BOOL_CONVERSION = YES;
				CLANG_WARN_CONSTANT_CONVERSION = YES;
				CLANG_WARN_DIRECT_OBJC_ISA_USAGE = YES_ERROR;
				CLANG_WARN_DOCUMENTATION_COMMENTS = YES;
				CLANG_WARN_EMPTY_BODY = YES;
				CLANG_WARN_ENUM_CONVERSION = YES;
				CLANG_WARN_INFINITE_RECURSION = YES;
				CLANG_WARN_INT_CONVERSION = YES;
				CLANG_WARN_OBJC_ROOT_CLASS = YES_ERROR;
				CLANG_WARN_SUSPICIOUS_MOVE = YES;
				CLANG_WARN_UNREACHABLE_CODE = YES;
				CLANG_WARN__DUPLICATE_METHOD_MATCH = YES;
				"CODE_SIGN_IDENTITY[sdk=iphoneos*]" = "iPhone Developer";
				COPY_PHASE_STRIP = NO;
				DEBUG_INFORMATION_FORMAT = "dwarf-with-dsym";
				ENABLE_NS_ASSERTIONS = NO;
				ENABLE_STRICT_OBJC_MSGSEND = YES;
				GCC_C_LANGUAGE_STANDARD = gnu99;
				GCC_NO_COMMON_BLOCKS = YES;
				GCC_WARN_64_TO_32_BIT_CONVERSION = YES;
				GCC_WARN_ABOUT_RETURN_TYPE = YES_ERROR;
				GCC_WARN_UNDECLARED_SELECTOR = YES;
				GCC_WARN_UNINITIALIZED_AUTOS = YES_AGGRESSIVE;
				GCC_WARN_UNUSED_FUNCTION = YES;
				GCC_WARN_UNUSED_VARIABLE = YES;
				IPHONEOS_DEPLOYMENT_TARGET = 10.3;
				MTL_ENABLE_DEBUG_INFO = NO;
				SDKROOT = iphoneos;
				SWIFT_OPTIMIZATION_LEVEL = "-Owholemodule";
				VALIDATE_PRODUCT = YES;
			};
			name = Release;
		};
		84EA9C171EB9C469006D4B59 /* Debug */ = {
			isa = XCBuildConfiguration;
			buildSettings = {
				ASSETCATALOG_COMPILER_APPICON_NAME = AppIcon;
				CLANG_ENABLE_MODULES = YES;
				DEVELOPMENT_TEAM = H5NL24UH2H;
				FRAMEWORK_SEARCH_PATHS = (
					"$(inherited)",
					"$(PROJECT_DIR)",
				);
				INFOPLIST_FILE = MessageTest/Info.plist;
				IPHONEOS_DEPLOYMENT_TARGET = 10.0;
				LD_RUNPATH_SEARCH_PATHS = "$(inherited) @executable_path/Frameworks";
				PRODUCT_BUNDLE_IDENTIFIER = edu.test.MessageTest;
				PRODUCT_NAME = "$(TARGET_NAME)";
				SWIFT_OPTIMIZATION_LEVEL = "-Onone";
				SWIFT_VERSION = 3.0;
			};
			name = Debug;
		};
		84EA9C181EB9C469006D4B59 /* Release */ = {
			isa = XCBuildConfiguration;
			buildSettings = {
				ASSETCATALOG_COMPILER_APPICON_NAME = AppIcon;
				CLANG_ENABLE_MODULES = YES;
				DEVELOPMENT_TEAM = H5NL24UH2H;
				FRAMEWORK_SEARCH_PATHS = (
					"$(inherited)",
					"$(PROJECT_DIR)",
				);
				INFOPLIST_FILE = MessageTest/Info.plist;
				IPHONEOS_DEPLOYMENT_TARGET = 10.0;
				LD_RUNPATH_SEARCH_PATHS = "$(inherited) @executable_path/Frameworks";
				PRODUCT_BUNDLE_IDENTIFIER = edu.test.MessageTest;
				PRODUCT_NAME = "$(TARGET_NAME)";
				SWIFT_VERSION = 3.0;
			};
			name = Release;
		};
/* End XCBuildConfiguration section */

/* Begin XCConfigurationList section */
		84EA9BFF1EB9C469006D4B59 /* Build configuration list for PBXProject "MessageTest" */ = {
			isa = XCConfigurationList;
			buildConfigurations = (
				84EA9C141EB9C469006D4B59 /* Debug */,
				84EA9C151EB9C469006D4B59 /* Release */,
			);
			defaultConfigurationIsVisible = 0;
			defaultConfigurationName = Release;
		};
		84EA9C161EB9C469006D4B59 /* Build configuration list for PBXNativeTarget "MessageTest" */ = {
			isa = XCConfigurationList;
			buildConfigurations = (
				84EA9C171EB9C469006D4B59 /* Debug */,
				84EA9C181EB9C469006D4B59 /* Release */,
			);
			defaultConfigurationIsVisible = 0;
			defaultConfigurationName = Release;
		};
/* End XCConfigurationList section */
	};
	rootObject = 84EA9BFC1EB9C469006D4B59 /* Project object */;
}
